
Microsoft Visual Studio Solution File, Format Version 12.00
# Visual Studio Version 16
VisualStudioVersion = 16.0.33927.289
MinimumVisualStudioVersion = 10.0.40219.1
Project("{2150E333-8FDC-42A3-9474-1A3956D46DE8}") = "Task0", "Task0", "{9E7D59A1-DDD8-480F-8126-6697708AEFCA}"
EndProject
Project("{FAE04EC0-301F-11D3-BF4B-00C04F79EFBC}") = "Tyuiu.VorobevSA.Sprint3.Task0.V4", "Tyuiu.VorobevSA.Sprint3.Task0.V4\Tyuiu.VorobevSA.Sprint3.Task0.V4.csproj", "{3B48149A-09D9-474D-AA70-0289899E97BC}"
EndProject
Project("{FAE04EC0-301F-11D3-BF4B-00C04F79EFBC}") = "Tyuiu.VorobevSA.Sprint3.Task0.V4.Lib", "Tyuiu.VorobevSA.Sprint3.Task0.V4.Lib\Tyuiu.VorobevSA.Sprint3.Task0.V4.Lib.csproj", "{50639D7C-1776-4419-A6D0-8D4FB2248958}"
EndProject
Project("{FAE04EC0-301F-11D3-BF4B-00C04F79EFBC}") = "Tyuiu.VorobevSA.Sprint3.Task0.V4.Test", "Tyuiu.VorobevSA.Sprint3.Task0.V4.Test\Tyuiu.VorobevSA.Sprint3.Task0.V4.Test.csproj", "{AC6A3234-D23E-4BF6-8A41-B95A481B095D}"
EndProject
Project("{2150E333-8FDC-42A3-9474-1A3956D46DE8}") = "Task1", "Task1", "{DC278ADF-2991-4269-8A3E-125DD945FCE7}"
EndProject
Project("{FAE04EC0-301F-11D3-BF4B-00C04F79EFBC}") = "Tyuiu.VorobevSA.Sprint3.Task1.V29", "Tyuiu.VorobevSA.Sprint3.Task1.V29\Tyuiu.VorobevSA.Sprint3.Task1.V29.csproj", "{0F3B39A3-2DA2-4A1B-BDB8-66F27E9C166F}"
EndProject
Project("{FAE04EC0-301F-11D3-BF4B-00C04F79EFBC}") = "Tyuiu.VorobevSA.Sprint3.Task1.V29.Lib", "Tyuiu.VorobevSA.Sprint3.Task1.V29.Lib\Tyuiu.VorobevSA.Sprint3.Task1.V29.Lib.csproj", "{848B490B-A57F-4CF1-8AB7-720C605771F0}"
EndProject
Project("{FAE04EC0-301F-11D3-BF4B-00C04F79EFBC}") = "Tyuiu.VorobevSA.Sprint3.Task1.V29.Test", "Tyuiu.VorobevSA.Sprint3.Task1.V29.Test\Tyuiu.VorobevSA.Sprint3.Task1.V29.Test.csproj", "{4D955012-F9F3-4CB9-9690-69D75F54E875}"
EndProject
Project("{2150E333-8FDC-42A3-9474-1A3956D46DE8}") = "Task2", "Task2", "{3CFFB76F-3BA5-4412-964E-280F56717749}"
EndProject
Project("{FAE04EC0-301F-11D3-BF4B-00C04F79EFBC}") = "Tyuiu.VorobevSA.Sprint3.Task2.V22", "Tyuiu.VorobevSA.Sprint3.Task2.V22\Tyuiu.VorobevSA.Sprint3.Task2.V22.csproj", "{2EC471D9-C00A-4938-8042-8B32B26BDC70}"
EndProject
Project("{FAE04EC0-301F-11D3-BF4B-00C04F79EFBC}") = "Tyuiu.VorobevSA.Sprint3.Task2.V22.Lib", "Tyuiu.VorobevSA.Sprint3.Task2.V22.Lib\Tyuiu.VorobevSA.Sprint3.Task2.V22.Lib.csproj", "{20627CF5-BA90-4F87-9334-B1CD51E4C186}"
EndProject
Project("{FAE04EC0-301F-11D3-BF4B-00C04F79EFBC}") = "Tyuiu.VorobevSA.Sprint3.Task2.V22.Test", "Tyuiu.VorobevSA.Sprint3.Task2.V22.Test\Tyuiu.VorobevSA.Sprint3.Task2.V22.Test.csproj", "{62B42D28-0627-46E1-8C00-81C50AA9CC80}"
EndProject
Project("{2150E333-8FDC-42A3-9474-1A3956D46DE8}") = "Task3", "Task3", "{09E0A61B-7C0C-45EE-975A-11D4E325A1CF}"
EndProject
Project("{FAE04EC0-301F-11D3-BF4B-00C04F79EFBC}") = "Tyuiu.VorobevSA.Sprint3.Task3.V29", "Tyuiu.VorobevSA.Sprint3.Task3.V29\Tyuiu.VorobevSA.Sprint3.Task3.V29.csproj", "{7F4C7C51-8FC5-4354-9DD7-C4A7F91D6248}"
EndProject
Project("{FAE04EC0-301F-11D3-BF4B-00C04F79EFBC}") = "Tyuiu.VorobevSA.Sprint3.Task3.V29.Lib", "Tyuiu.VorobevSA.Sprint3.Task3.V29.Lib\Tyuiu.VorobevSA.Sprint3.Task3.V29.Lib.csproj", "{89CB9E6C-6355-424E-AF72-558EE626E234}"
EndProject
Project("{FAE04EC0-301F-11D3-BF4B-00C04F79EFBC}") = "Tyuiu.VorobevSA.Sprint3.Task3.V29.Test", "Tyuiu.VorobevSA.Sprint3.Task3.V29.Test\Tyuiu.VorobevSA.Sprint3.Task3.V29.Test.csproj", "{06654EEE-368D-4DAA-8981-4D9EF11B1E68}"
EndProject
Project("{2150E333-8FDC-42A3-9474-1A3956D46DE8}") = "Task4", "Task4", "{E90807D9-CE70-4DF0-934E-BAA698A56001}"
EndProject
Project("{FAE04EC0-301F-11D3-BF4B-00C04F79EFBC}") = "Tyuiu.VorobevSA.Sprint3.Task4.V16", "Tyuiu.VorobevSA.Sprint3.Task4.V16\Tyuiu.VorobevSA.Sprint3.Task4.V16.csproj", "{07C8BB9C-5155-409C-A310-AACFDD6EB10A}"
EndProject
Project("{FAE04EC0-301F-11D3-BF4B-00C04F79EFBC}") = "Tyuiu.VorobevSA.Sprint3.Task4.V16.Lib", "Tyuiu.VorobevSA.Sprint3.Task4.V16.Lib\Tyuiu.VorobevSA.Sprint3.Task4.V16.Lib.csproj", "{FD03DB96-5096-4417-A24F-BB54311444EF}"
EndProject
Project("{FAE04EC0-301F-11D3-BF4B-00C04F79EFBC}") = "Tyuiu.VorobevSA.Sprint3.Task4.V16.Test", "Tyuiu.VorobevSA.Sprint3.Task4.V16.Test\Tyuiu.VorobevSA.Sprint3.Task4.V16.Test.csproj", "{1DA4D7AB-99FF-4C2D-B703-361C9B3D3ED6}"
EndProject
Project("{2150E333-8FDC-42A3-9474-1A3956D46DE8}") = "Task5", "Task5", "{CF835D89-B21F-4229-A0F4-1E7B788CC0E3}"
EndProject
Project("{FAE04EC0-301F-11D3-BF4B-00C04F79EFBC}") = "Tyuiu.VorobevSA.Sprint3.Task5.V11", "Tyuiu.VorobevSA.Sprint3.Task5.V11\Tyuiu.VorobevSA.Sprint3.Task5.V11.csproj", "{A956EB44-4130-4BA1-91CC-4928AC8D2F3C}"
EndProject
Project("{FAE04EC0-301F-11D3-BF4B-00C04F79EFBC}") = "Tyuiu.VorobevSA.Sprint3.Task5.V11.Lib", "Tyuiu.VorobevSA.Sprint3.Task5.V11.Lib\Tyuiu.VorobevSA.Sprint3.Task5.V11.Lib.csproj", "{A19AD176-D769-49EF-838D-CC0F751F95E2}"
EndProject
Project("{FAE04EC0-301F-11D3-BF4B-00C04F79EFBC}") = "Tyuiu.VorobevSA.Sprint3.Task5.V11.Test", "Tyuiu.VorobevSA.Sprint3.Task5.V11.Test\Tyuiu.VorobevSA.Sprint3.Task5.V11.Test.csproj", "{3958FDE7-E20F-40EF-97B6-82F5239C9A8C}"
EndProject
Project("{2150E333-8FDC-42A3-9474-1A3956D46DE8}") = "Task6", "Task6", "{D5E04A09-BF88-4218-88B1-AF16262FE21D}"
EndProject
Project("{FAE04EC0-301F-11D3-BF4B-00C04F79EFBC}") = "Tyuiu.VorobevSA.Sprint3.Task6.V14", "Tyuiu.VorobevSA.Sprint3.Task6.V14\Tyuiu.VorobevSA.Sprint3.Task6.V14.csproj", "{2A5E7D3D-BBFE-44E3-AB31-1B88A8A2CCAE}"
EndProject
Project("{FAE04EC0-301F-11D3-BF4B-00C04F79EFBC}") = "Tyuiu.VorobevSA.Sprint3.Task6.V14.Lib", "Tyuiu.VorobevSA.Sprint3.Task6.V14.Lib\Tyuiu.VorobevSA.Sprint3.Task6.V14.Lib.csproj", "{9595D5D6-1936-401C-9A8B-179309E377C2}"
EndProject
Project("{FAE04EC0-301F-11D3-BF4B-00C04F79EFBC}") = "Tyuiu.VorobevSA.Sprint3.Task6.V14.Test", "Tyuiu.VorobevSA.Sprint3.Task6.V14.Test\Tyuiu.VorobevSA.Sprint3.Task6.V14.Test.csproj", "{494D4E48-4776-4145-9C23-41DBA2D13DA8}"
EndProject
Project("{2150E333-8FDC-42A3-9474-1A3956D46DE8}") = "Task7", "Task7", "{91164330-2619-4566-A7AD-B7E3F13081DF}"
EndProject
Project("{FAE04EC0-301F-11D3-BF4B-00C04F79EFBC}") = "Tyuiu.VorobevSA.Sprint3.Task7.V15", "Tyuiu.VorobevSA.Sprint3.Task7.V15\Tyuiu.VorobevSA.Sprint3.Task7.V15.csproj", "{CC45FAF9-78E6-4092-A3F3-19F7D6FC2189}"
EndProject
Project("{FAE04EC0-301F-11D3-BF4B-00C04F79EFBC}") = "Tyuiu.VorobevSA.Sprint3.Task7.V15.Lib", "Tyuiu.VorobevSA.Sprint3.Task7.V15.Lib\Tyuiu.VorobevSA.Sprint3.Task7.V15.Lib.csproj", "{005BD694-23A5-4C59-9385-198ADC3FA8B3}"
EndProject
Project("{FAE04EC0-301F-11D3-BF4B-00C04F79EFBC}") = "Tyuiu.VorobevSA.Sprint3.Task7.V15.Test", "Tyuiu.VorobevSA.Sprint3.Task7.V15.Test\Tyuiu.VorobevSA.Sprint3.Task7.V15.Test.csproj", "{266D8BCF-DA1E-44DD-AE82-80E16B0F17FE}"
EndProject
Global
	GlobalSection(SolutionConfigurationPlatforms) = preSolution
		Debug|Any CPU = Debug|Any CPU
		Release|Any CPU = Release|Any CPU
	EndGlobalSection
	GlobalSection(ProjectConfigurationPlatforms) = postSolution
		{3B48149A-09D9-474D-AA70-0289899E97BC}.Debug|Any CPU.ActiveCfg = Debug|Any CPU
		{3B48149A-09D9-474D-AA70-0289899E97BC}.Debug|Any CPU.Build.0 = Debug|Any CPU
		{3B48149A-09D9-474D-AA70-0289899E97BC}.Release|Any CPU.ActiveCfg = Release|Any CPU
		{3B48149A-09D9-474D-AA70-0289899E97BC}.Release|Any CPU.Build.0 = Release|Any CPU
		{50639D7C-1776-4419-A6D0-8D4FB2248958}.Debug|Any CPU.ActiveCfg = Debug|Any CPU
		{50639D7C-1776-4419-A6D0-8D4FB2248958}.Debug|Any CPU.Build.0 = Debug|Any CPU
		{50639D7C-1776-4419-A6D0-8D4FB2248958}.Release|Any CPU.ActiveCfg = Release|Any CPU
		{50639D7C-1776-4419-A6D0-8D4FB2248958}.Release|Any CPU.Build.0 = Release|Any CPU
		{AC6A3234-D23E-4BF6-8A41-B95A481B095D}.Debug|Any CPU.ActiveCfg = Debug|Any CPU
		{AC6A3234-D23E-4BF6-8A41-B95A481B095D}.Debug|Any CPU.Build.0 = Debug|Any CPU
		{AC6A3234-D23E-4BF6-8A41-B95A481B095D}.Release|Any CPU.ActiveCfg = Release|Any CPU
		{AC6A3234-D23E-4BF6-8A41-B95A481B095D}.Release|Any CPU.Build.0 = Release|Any CPU
		{0F3B39A3-2DA2-4A1B-BDB8-66F27E9C166F}.Debug|Any CPU.ActiveCfg = Debug|Any CPU
		{0F3B39A3-2DA2-4A1B-BDB8-66F27E9C166F}.Debug|Any CPU.Build.0 = Debug|Any CPU
		{0F3B39A3-2DA2-4A1B-BDB8-66F27E9C166F}.Release|Any CPU.ActiveCfg = Release|Any CPU
		{0F3B39A3-2DA2-4A1B-BDB8-66F27E9C166F}.Release|Any CPU.Build.0 = Release|Any CPU
		{848B490B-A57F-4CF1-8AB7-720C605771F0}.Debug|Any CPU.ActiveCfg = Debug|Any CPU
		{848B490B-A57F-4CF1-8AB7-720C605771F0}.Debug|Any CPU.Build.0 = Debug|Any CPU
		{848B490B-A57F-4CF1-8AB7-720C605771F0}.Release|Any CPU.ActiveCfg = Release|Any CPU
		{848B490B-A57F-4CF1-8AB7-720C605771F0}.Release|Any CPU.Build.0 = Release|Any CPU
		{4D955012-F9F3-4CB9-9690-69D75F54E875}.Debug|Any CPU.ActiveCfg = Debug|Any CPU
		{4D955012-F9F3-4CB9-9690-69D75F54E875}.Debug|Any CPU.Build.0 = Debug|Any CPU
		{4D955012-F9F3-4CB9-9690-69D75F54E875}.Release|Any CPU.ActiveCfg = Release|Any CPU
		{4D955012-F9F3-4CB9-9690-69D75F54E875}.Release|Any CPU.Build.0 = Release|Any CPU
		{2EC471D9-C00A-4938-8042-8B32B26BDC70}.Debug|Any CPU.ActiveCfg = Debug|Any CPU
		{2EC471D9-C00A-4938-8042-8B32B26BDC70}.Debug|Any CPU.Build.0 = Debug|Any CPU
		{2EC471D9-C00A-4938-8042-8B32B26BDC70}.Release|Any CPU.ActiveCfg = Release|Any CPU
		{2EC471D9-C00A-4938-8042-8B32B26BDC70}.Release|Any CPU.Build.0 = Release|Any CPU
		{20627CF5-BA90-4F87-9334-B1CD51E4C186}.Debug|Any CPU.ActiveCfg = Debug|Any CPU
		{20627CF5-BA90-4F87-9334-B1CD51E4C186}.Debug|Any CPU.Build.0 = Debug|Any CPU
		{20627CF5-BA90-4F87-9334-B1CD51E4C186}.Release|Any CPU.ActiveCfg = Release|Any CPU
		{20627CF5-BA90-4F87-9334-B1CD51E4C186}.Release|Any CPU.Build.0 = Release|Any CPU
		{62B42D28-0627-46E1-8C00-81C50AA9CC80}.Debug|Any CPU.ActiveCfg = Debug|Any CPU
		{62B42D28-0627-46E1-8C00-81C50AA9CC80}.Debug|Any CPU.Build.0 = Debug|Any CPU
		{62B42D28-0627-46E1-8C00-81C50AA9CC80}.Release|Any CPU.ActiveCfg = Release|Any CPU
		{62B42D28-0627-46E1-8C00-81C50AA9CC80}.Release|Any CPU.Build.0 = Release|Any CPU
		{7F4C7C51-8FC5-4354-9DD7-C4A7F91D6248}.Debug|Any CPU.ActiveCfg = Debug|Any CPU
		{7F4C7C51-8FC5-4354-9DD7-C4A7F91D6248}.Debug|Any CPU.Build.0 = Debug|Any CPU
		{7F4C7C51-8FC5-4354-9DD7-C4A7F91D6248}.Release|Any CPU.ActiveCfg = Release|Any CPU
		{7F4C7C51-8FC5-4354-9DD7-C4A7F91D6248}.Release|Any CPU.Build.0 = Release|Any CPU
		{89CB9E6C-6355-424E-AF72-558EE626E234}.Debug|Any CPU.ActiveCfg = Debug|Any CPU
		{89CB9E6C-6355-424E-AF72-558EE626E234}.Debug|Any CPU.Build.0 = Debug|Any CPU
		{89CB9E6C-6355-424E-AF72-558EE626E234}.Release|Any CPU.ActiveCfg = Release|Any CPU
		{89CB9E6C-6355-424E-AF72-558EE626E234}.Release|Any CPU.Build.0 = Release|Any CPU
		{06654EEE-368D-4DAA-8981-4D9EF11B1E68}.Debug|Any CPU.ActiveCfg = Debug|Any CPU
		{06654EEE-368D-4DAA-8981-4D9EF11B1E68}.Debug|Any CPU.Build.0 = Debug|Any CPU
		{06654EEE-368D-4DAA-8981-4D9EF11B1E68}.Release|Any CPU.ActiveCfg = Release|Any CPU
		{06654EEE-368D-4DAA-8981-4D9EF11B1E68}.Release|Any CPU.Build.0 = Release|Any CPU
		{07C8BB9C-5155-409C-A310-AACFDD6EB10A}.Debug|Any CPU.ActiveCfg = Debug|Any CPU
		{07C8BB9C-5155-409C-A310-AACFDD6EB10A}.Debug|Any CPU.Build.0 = Debug|Any CPU
		{07C8BB9C-5155-409C-A310-AACFDD6EB10A}.Release|Any CPU.ActiveCfg = Release|Any CPU
		{07C8BB9C-5155-409C-A310-AACFDD6EB10A}.Release|Any CPU.Build.0 = Release|Any CPU
		{FD03DB96-5096-4417-A24F-BB54311444EF}.Debug|Any CPU.ActiveCfg = Debug|Any CPU
		{FD03DB96-5096-4417-A24F-BB54311444EF}.Debug|Any CPU.Build.0 = Debug|Any CPU
		{FD03DB96-5096-4417-A24F-BB54311444EF}.Release|Any CPU.ActiveCfg = Release|Any CPU
		{FD03DB96-5096-4417-A24F-BB54311444EF}.Release|Any CPU.Build.0 = Release|Any CPU
		{1DA4D7AB-99FF-4C2D-B703-361C9B3D3ED6}.Debug|Any CPU.ActiveCfg = Debug|Any CPU
		{1DA4D7AB-99FF-4C2D-B703-361C9B3D3ED6}.Debug|Any CPU.Build.0 = Debug|Any CPU
		{1DA4D7AB-99FF-4C2D-B703-361C9B3D3ED6}.Release|Any CPU.ActiveCfg = Release|Any CPU
		{1DA4D7AB-99FF-4C2D-B703-361C9B3D3ED6}.Release|Any CPU.Build.0 = Release|Any CPU
		{A956EB44-4130-4BA1-91CC-4928AC8D2F3C}.Debug|Any CPU.ActiveCfg = Debug|Any CPU
		{A956EB44-4130-4BA1-91CC-4928AC8D2F3C}.Debug|Any CPU.Build.0 = Debug|Any CPU
		{A956EB44-4130-4BA1-91CC-4928AC8D2F3C}.Release|Any CPU.ActiveCfg = Release|Any CPU
		{A956EB44-4130-4BA1-91CC-4928AC8D2F3C}.Release|Any CPU.Build.0 = Release|Any CPU
		{A19AD176-D769-49EF-838D-CC0F751F95E2}.Debug|Any CPU.ActiveCfg = Debug|Any CPU
		{A19AD176-D769-49EF-838D-CC0F751F95E2}.Debug|Any CPU.Build.0 = Debug|Any CPU
		{A19AD176-D769-49EF-838D-CC0F751F95E2}.Release|Any CPU.ActiveCfg = Release|Any CPU
		{A19AD176-D769-49EF-838D-CC0F751F95E2}.Release|Any CPU.Build.0 = Release|Any CPU
		{3958FDE7-E20F-40EF-97B6-82F5239C9A8C}.Debug|Any CPU.ActiveCfg = Debug|Any CPU
		{3958FDE7-E20F-40EF-97B6-82F5239C9A8C}.Debug|Any CPU.Build.0 = Debug|Any CPU
		{3958FDE7-E20F-40EF-97B6-82F5239C9A8C}.Release|Any CPU.ActiveCfg = Release|Any CPU
		{3958FDE7-E20F-40EF-97B6-82F5239C9A8C}.Release|Any CPU.Build.0 = Release|Any CPU
		{2A5E7D3D-BBFE-44E3-AB31-1B88A8A2CCAE}.Debug|Any CPU.ActiveCfg = Debug|Any CPU
		{2A5E7D3D-BBFE-44E3-AB31-1B88A8A2CCAE}.Debug|Any CPU.Build.0 = Debug|Any CPU
		{2A5E7D3D-BBFE-44E3-AB31-1B88A8A2CCAE}.Release|Any CPU.ActiveCfg = Release|Any CPU
		{2A5E7D3D-BBFE-44E3-AB31-1B88A8A2CCAE}.Release|Any CPU.Build.0 = Release|Any CPU
		{9595D5D6-1936-401C-9A8B-179309E377C2}.Debug|Any CPU.ActiveCfg = Debug|Any CPU
		{9595D5D6-1936-401C-9A8B-179309E377C2}.Debug|Any CPU.Build.0 = Debug|Any CPU
		{9595D5D6-1936-401C-9A8B-179309E377C2}.Release|Any CPU.ActiveCfg = Release|Any CPU
		{9595D5D6-1936-401C-9A8B-179309E377C2}.Release|Any CPU.Build.0 = Release|Any CPU
		{494D4E48-4776-4145-9C23-41DBA2D13DA8}.Debug|Any CPU.ActiveCfg = Debug|Any CPU
		{494D4E48-4776-4145-9C23-41DBA2D13DA8}.Debug|Any CPU.Build.0 = Debug|Any CPU
		{494D4E48-4776-4145-9C23-41DBA2D13DA8}.Release|Any CPU.ActiveCfg = Release|Any CPU
		{494D4E48-4776-4145-9C23-41DBA2D13DA8}.Release|Any CPU.Build.0 = Release|Any CPU
		{CC45FAF9-78E6-4092-A3F3-19F7D6FC2189}.Debug|Any CPU.ActiveCfg = Debug|Any CPU
		{CC45FAF9-78E6-4092-A3F3-19F7D6FC2189}.Debug|Any CPU.Build.0 = Debug|Any CPU
		{CC45FAF9-78E6-4092-A3F3-19F7D6FC2189}.Release|Any CPU.ActiveCfg = Release|Any CPU
		{CC45FAF9-78E6-4092-A3F3-19F7D6FC2189}.Release|Any CPU.Build.0 = Release|Any CPU
		{005BD694-23A5-4C59-9385-198ADC3FA8B3}.Debug|Any CPU.ActiveCfg = Debug|Any CPU
		{005BD694-23A5-4C59-9385-198ADC3FA8B3}.Debug|Any CPU.Build.0 = Debug|Any CPU
		{005BD694-23A5-4C59-9385-198ADC3FA8B3}.Release|Any CPU.ActiveCfg = Release|Any CPU
		{005BD694-23A5-4C59-9385-198ADC3FA8B3}.Release|Any CPU.Build.0 = Release|Any CPU
		{266D8BCF-DA1E-44DD-AE82-80E16B0F17FE}.Debug|Any CPU.ActiveCfg = Debug|Any CPU
		{266D8BCF-DA1E-44DD-AE82-80E16B0F17FE}.Debug|Any CPU.Build.0 = Debug|Any CPU
		{266D8BCF-DA1E-44DD-AE82-80E16B0F17FE}.Release|Any CPU.ActiveCfg = Release|Any CPU
		{266D8BCF-DA1E-44DD-AE82-80E16B0F17FE}.Release|Any CPU.Build.0 = Release|Any CPU
	EndGlobalSection
	GlobalSection(SolutionProperties) = preSolution
		HideSolutionNode = FALSE
	EndGlobalSection
	GlobalSection(NestedProjects) = preSolution
		{3B48149A-09D9-474D-AA70-0289899E97BC} = {9E7D59A1-DDD8-480F-8126-6697708AEFCA}
		{50639D7C-1776-4419-A6D0-8D4FB2248958} = {9E7D59A1-DDD8-480F-8126-6697708AEFCA}
		{AC6A3234-D23E-4BF6-8A41-B95A481B095D} = {9E7D59A1-DDD8-480F-8126-6697708AEFCA}
		{0F3B39A3-2DA2-4A1B-BDB8-66F27E9C166F} = {DC278ADF-2991-4269-8A3E-125DD945FCE7}
		{848B490B-A57F-4CF1-8AB7-720C605771F0} = {DC278ADF-2991-4269-8A3E-125DD945FCE7}
		{4D955012-F9F3-4CB9-9690-69D75F54E875} = {DC278ADF-2991-4269-8A3E-125DD945FCE7}
		{2EC471D9-C00A-4938-8042-8B32B26BDC70} = {3CFFB76F-3BA5-4412-964E-280F56717749}
		{20627CF5-BA90-4F87-9334-B1CD51E4C186} = {3CFFB76F-3BA5-4412-964E-280F56717749}
		{62B42D28-0627-46E1-8C00-81C50AA9CC80} = {3CFFB76F-3BA5-4412-964E-280F56717749}
		{7F4C7C51-8FC5-4354-9DD7-C4A7F91D6248} = {09E0A61B-7C0C-45EE-975A-11D4E325A1CF}
		{89CB9E6C-6355-424E-AF72-558EE626E234} = {09E0A61B-7C0C-45EE-975A-11D4E325A1CF}
		{06654EEE-368D-4DAA-8981-4D9EF11B1E68} = {09E0A61B-7C0C-45EE-975A-11D4E325A1CF}
		{07C8BB9C-5155-409C-A310-AACFDD6EB10A} = {E90807D9-CE70-4DF0-934E-BAA698A56001}
		{FD03DB96-5096-4417-A24F-BB54311444EF} = {E90807D9-CE70-4DF0-934E-BAA698A56001}
		{1DA4D7AB-99FF-4C2D-B703-361C9B3D3ED6} = {E90807D9-CE70-4DF0-934E-BAA698A56001}
		{A956EB44-4130-4BA1-91CC-4928AC8D2F3C} = {CF835D89-B21F-4229-A0F4-1E7B788CC0E3}
		{A19AD176-D769-49EF-838D-CC0F751F95E2} = {CF835D89-B21F-4229-A0F4-1E7B788CC0E3}
		{3958FDE7-E20F-40EF-97B6-82F5239C9A8C} = {CF835D89-B21F-4229-A0F4-1E7B788CC0E3}
		{2A5E7D3D-BBFE-44E3-AB31-1B88A8A2CCAE} = {D5E04A09-BF88-4218-88B1-AF16262FE21D}
		{9595D5D6-1936-401C-9A8B-179309E377C2} = {D5E04A09-BF88-4218-88B1-AF16262FE21D}
		{494D4E48-4776-4145-9C23-41DBA2D13DA8} = {D5E04A09-BF88-4218-88B1-AF16262FE21D}
		{CC45FAF9-78E6-4092-A3F3-19F7D6FC2189} = {91164330-2619-4566-A7AD-B7E3F13081DF}
		{005BD694-23A5-4C59-9385-198ADC3FA8B3} = {91164330-2619-4566-A7AD-B7E3F13081DF}
		{266D8BCF-DA1E-44DD-AE82-80E16B0F17FE} = {91164330-2619-4566-A7AD-B7E3F13081DF}
	EndGlobalSection
	GlobalSection(ExtensibilityGlobals) = postSolution
		SolutionGuid = {55B5FDC0-B465-4BAB-B936-C4882CEA64F6}
	EndGlobalSection
EndGlobal
